
Microsoft Visual Studio Solution File, Format Version 12.00
# Visual Studio Version 17
VisualStudioVersion = 17.14.36414.22
MinimumVisualStudioVersion = 10.0.40219.1
Project("{2150E333-8FDC-42A3-9474-1A3956D46DE8}") = "Task0", "Task0", "{36D591C7-65C7-A0D1-1CBC-10CDE441BDC8}"
EndProject
Project("{FAE04EC0-301F-11D3-BF4B-00C04F79EFBC}") = "Tyuiu.LazutinVS.Sprint1.Task0.V9.Test", "Tyuiu.LazutinVS.Sprint1.Task0.V9.Test\Tyuiu.LazutinVS.Sprint1.Task0.V9.Test.csproj", "{CF5AE91E-74E6-46B0-AE52-07A6E171F4DD}"
EndProject
Project("{FAE04EC0-301F-11D3-BF4B-00C04F79EFBC}") = "Tyuiu.LazutinVS.Sprint1.Task0.V9", "Tyuiu.LazutinVS.Sprint1.Task0.V9\Tyuiu.LazutinVS.Sprint1.Task0.V9.csproj", "{1CB9925C-3ABE-4A1A-BA81-8C2384923533}"
EndProject
Project("{FAE04EC0-301F-11D3-BF4B-00C04F79EFBC}") = "Tyuiu.LazutinVS.Sprint1.Task0.V9.Lib", "Tyuiu.LazutinVS.Sprint1.Task0.V9.Lib\Tyuiu.LazutinVS.Sprint1.Task0.V9.Lib.csproj", "{70DFFFED-BAE1-40D1-9671-B3CB6E04686C}"
EndProject
Project("{2150E333-8FDC-42A3-9474-1A3956D46DE8}") = "Task1", "Task1", "{CE3C1FAA-AE8A-4803-A262-A53971EA6CD5}"
EndProject
Project("{FAE04EC0-301F-11D3-BF4B-00C04F79EFBC}") = "Tyuiu.LazutinVS.Sprint1.Task1.V17", "Tyuiu.LazutinVS.Sprint1.Task1.V17\Tyuiu.LazutinVS.Sprint1.Task1.V17.csproj", "{D06331D0-4B2E-4F10-9EF3-E84F68256828}"
EndProject
Project("{FAE04EC0-301F-11D3-BF4B-00C04F79EFBC}") = "Tyuiu.LazutinVS.Sprint1.Task1.V17.Test", "Tyuiu.LazutinVS.Sprint1.Task1.V17.Test\Tyuiu.LazutinVS.Sprint1.Task1.V17.Test.csproj", "{9A17C844-99C9-4459-BCD4-BC97EDBA475F}"
EndProject
Project("{FAE04EC0-301F-11D3-BF4B-00C04F79EFBC}") = "Tyuiu.LazutinVS.Sprint1.Task1.V17.Lib", "Tyuiu.LazutinVS.Sprint1.Task1.V17.Lib\Tyuiu.LazutinVS.Sprint1.Task1.V17.Lib.csproj", "{4C8AB985-81F7-4316-97E3-431374D6E648}"
EndProject
Project("{2150E333-8FDC-42A3-9474-1A3956D46DE8}") = "Task2", "Task2", "{487B5F12-E1D9-44C5-B60F-E1F0EA1C3367}"
EndProject
Project("{2150E333-8FDC-42A3-9474-1A3956D46DE8}") = "Task3", "Task3", "{F98892B6-D21C-4DAC-9364-D8B1A5815C5D}"
EndProject
Project("{2150E333-8FDC-42A3-9474-1A3956D46DE8}") = "Task4", "Task4", "{E968C68A-441B-4314-86F3-767616BC7E8B}"
EndProject
Project("{2150E333-8FDC-42A3-9474-1A3956D46DE8}") = "Task5", "Task5", "{F2D26918-3FEF-4071-934A-92525732AC2F}"
EndProject
Project("{2150E333-8FDC-42A3-9474-1A3956D46DE8}") = "Task6", "Task6", "{DEF169F5-9F85-4FC4-B54D-85340D3090AE}"
EndProject
Project("{2150E333-8FDC-42A3-9474-1A3956D46DE8}") = "Task7", "Task7", "{496C2F2F-D2BB-4BEC-A167-056D01A5353B}"
EndProject
Project("{FAE04EC0-301F-11D3-BF4B-00C04F79EFBC}") = "Tyuiu.LazutinVS.Sprint1.Task2.V21", "Tyuiu.LazutinVS.Sprint1.Task2.V21\Tyuiu.LazutinVS.Sprint1.Task2.V21.csproj", "{420099BB-0B8A-4469-A4E5-D2385C150DF3}"
EndProject
Project("{FAE04EC0-301F-11D3-BF4B-00C04F79EFBC}") = "Tyuiu.LazutinVS.Sprint1.Task2.V21.Lib", "Tyuiu.LazutinVS.Sprint1.Task2.V21.Lib\Tyuiu.LazutinVS.Sprint1.Task2.V21.Lib.csproj", "{544ACEA1-2AEB-44D5-8666-8598C1A4DCB2}"
EndProject
Project("{FAE04EC0-301F-11D3-BF4B-00C04F79EFBC}") = "Tyuiu.LazutinVS.Sprint1.Task2.V21.Test", "Tyuiu.LazutinVS.Sprint1.Task2.V21.Test\Tyuiu.LazutinVS.Sprint1.Task2.V21.Test.csproj", "{14F3DD21-877E-44FD-80A9-52F47E24195B}"
EndProject
Project("{FAE04EC0-301F-11D3-BF4B-00C04F79EFBC}") = "Tyuiu.LazutinVS.Sprint1.Task3.V17", "Tyuiu.LazutinVS.Sprint1.Task3.V17\Tyuiu.LazutinVS.Sprint1.Task3.V17.csproj", "{519749B2-792E-40B7-A107-1E0EFB405E89}"
EndProject
Project("{FAE04EC0-301F-11D3-BF4B-00C04F79EFBC}") = "Tyuiu.LazutinVS.Sprint1.Task3.V17.Lib", "Tyuiu.LazutinVS.Sprint1.Task3.V17.Lib\Tyuiu.LazutinVS.Sprint1.Task3.V17.Lib.csproj", "{F0EC12B8-9655-4C94-A525-395C35FEB5B0}"
EndProject
Project("{FAE04EC0-301F-11D3-BF4B-00C04F79EFBC}") = "Tyuiu.LazutinVS.Sprint1.Task3.V17.Test", "Tyuiu.LazutinVS.Sprint1.Task3.V17.Test\Tyuiu.LazutinVS.Sprint1.Task3.V17.Test.csproj", "{9E38C34C-BD7D-4F3A-9F5F-935DE1006E79}"
EndProject
Project("{FAE04EC0-301F-11D3-BF4B-00C04F79EFBC}") = "Tyuiu.LazutinVS.Sprint1.Task4.V17", "Tyuiu.LazutinVS.Sprint1.Task4.V17\Tyuiu.LazutinVS.Sprint1.Task4.V17.csproj", "{82D3FF0F-74CE-4E08-B5F4-2DC4326FA1C7}"
EndProject
Project("{FAE04EC0-301F-11D3-BF4B-00C04F79EFBC}") = "Tyuiu.LazutinVS.Sprint1.Task4.V17.Test", "Tyuiu.LazutinVS.Sprint1.Task4.V17.Test\Tyuiu.LazutinVS.Sprint1.Task4.V17.Test.csproj", "{DCD741AB-E57F-447E-BD0C-A97C612929EE}"
EndProject
Project("{FAE04EC0-301F-11D3-BF4B-00C04F79EFBC}") = "Tyuiu.LazutinVS.Sprint1.Task4.V17.Lib", "Tyuiu.LazutinVS.Sprint1.Task4.V17.Lib\Tyuiu.LazutinVS.Sprint1.Task4.V17.Lib.csproj", "{3FC3065B-B460-4211-8C3A-A01AC837FA25}"
EndProject
Project("{FAE04EC0-301F-11D3-BF4B-00C04F79EFBC}") = "Tyuiu.LazutinVS.Sprint1.Task5.V6", "Tyuiu.LazutinVS.Sprint1.Task5.V6\Tyuiu.LazutinVS.Sprint1.Task5.V6.csproj", "{277AED91-C9CD-47E4-8E61-8592981A4903}"
EndProject
Project("{FAE04EC0-301F-11D3-BF4B-00C04F79EFBC}") = "Tyuiu.LazutinVS.Sprint1.Task5.V6.Lib", "Tyuiu.LazutinVS.Sprint1.Task5.V6.Lib\Tyuiu.LazutinVS.Sprint1.Task5.V6.Lib.csproj", "{EA2EB3D8-5B5F-4256-A6F9-8191E95080CF}"
EndProject
Project("{FAE04EC0-301F-11D3-BF4B-00C04F79EFBC}") = "Tyuiu.LazutinVS.Sprint1.Task5.V6.Test", "Tyuiu.LazutinVS.Sprint1.Task5.V6.Test\Tyuiu.LazutinVS.Sprint1.Task5.V6.Test.csproj", "{560C89CE-A937-4F87-AE40-24F2BBB0420E}"
EndProject
Project("{FAE04EC0-301F-11D3-BF4B-00C04F79EFBC}") = "Tyuiu.LazutinVS.Sprint1.Task6.V14", "Tyuiu.LazutinVS.Sprint1.Task6.V14\Tyuiu.LazutinVS.Sprint1.Task6.V14.csproj", "{49F97A55-BC1B-4555-9246-6F411C0235E0}"
EndProject
Project("{FAE04EC0-301F-11D3-BF4B-00C04F79EFBC}") = "Tyuiu.LazutinVS.Sprint1.Task6.V14.Lib", "Tyuiu.LazutinVS.Sprint1.Task6.V14.Lib\Tyuiu.LazutinVS.Sprint1.Task6.V14.Lib.csproj", "{0050A7F7-D173-4F4F-9574-8EEBD2383BBA}"
EndProject
Project("{FAE04EC0-301F-11D3-BF4B-00C04F79EFBC}") = "Tyuiu.LazutinVS.Sprint1.Task6.V14.Test", "Tyuiu.LazutinVS.Sprint1.Task6.V14.Test\Tyuiu.LazutinVS.Sprint1.Task6.V14.Test.csproj", "{90E3E99D-DA0D-4E16-90B6-2986A9A79FF5}"
EndProject
Project("{FAE04EC0-301F-11D3-BF4B-00C04F79EFBC}") = "Tyuiu.LazutinVS.Sprint1.Task7.V14", "Tyuiu.LazutinVS.Sprint1.Task7.V14\Tyuiu.LazutinVS.Sprint1.Task7.V14.csproj", "{604F843A-FB97-4394-BCD3-CB75E091C431}"
EndProject
Project("{FAE04EC0-301F-11D3-BF4B-00C04F79EFBC}") = "Tyuiu.LazutinVS.Sprint1.Task7.V14.Lib", "Tyuiu.LazutinVS.Sprint1.Task7.V14.Lib\Tyuiu.LazutinVS.Sprint1.Task7.V14.Lib.csproj", "{7C508560-B5F1-4D8E-B5A8-C4D18B232D2A}"
EndProject
Project("{FAE04EC0-301F-11D3-BF4B-00C04F79EFBC}") = "Tyuiu.LazutinVS.Sprint1.Task7.V14.Test", "Tyuiu.LazutinVS.Sprint1.Task7.V14.Test\Tyuiu.LazutinVS.Sprint1.Task7.V14.Test.csproj", "{A639B66C-C223-4C80-8019-CAF4C6547D03}"
EndProject
Global
	GlobalSection(SolutionConfigurationPlatforms) = preSolution
		Debug|Any CPU = Debug|Any CPU
		Release|Any CPU = Release|Any CPU
	EndGlobalSection
	GlobalSection(ProjectConfigurationPlatforms) = postSolution
		{CF5AE91E-74E6-46B0-AE52-07A6E171F4DD}.Debug|Any CPU.ActiveCfg = Debug|Any CPU
		{CF5AE91E-74E6-46B0-AE52-07A6E171F4DD}.Debug|Any CPU.Build.0 = Debug|Any CPU
		{CF5AE91E-74E6-46B0-AE52-07A6E171F4DD}.Release|Any CPU.ActiveCfg = Release|Any CPU
		{CF5AE91E-74E6-46B0-AE52-07A6E171F4DD}.Release|Any CPU.Build.0 = Release|Any CPU
		{1CB9925C-3ABE-4A1A-BA81-8C2384923533}.Debug|Any CPU.ActiveCfg = Debug|Any CPU
		{1CB9925C-3ABE-4A1A-BA81-8C2384923533}.Debug|Any CPU.Build.0 = Debug|Any CPU
		{1CB9925C-3ABE-4A1A-BA81-8C2384923533}.Release|Any CPU.ActiveCfg = Release|Any CPU
		{1CB9925C-3ABE-4A1A-BA81-8C2384923533}.Release|Any CPU.Build.0 = Release|Any CPU
		{70DFFFED-BAE1-40D1-9671-B3CB6E04686C}.Debug|Any CPU.ActiveCfg = Debug|Any CPU
		{70DFFFED-BAE1-40D1-9671-B3CB6E04686C}.Debug|Any CPU.Build.0 = Debug|Any CPU
		{70DFFFED-BAE1-40D1-9671-B3CB6E04686C}.Release|Any CPU.ActiveCfg = Release|Any CPU
		{70DFFFED-BAE1-40D1-9671-B3CB6E04686C}.Release|Any CPU.Build.0 = Release|Any CPU
		{D06331D0-4B2E-4F10-9EF3-E84F68256828}.Debug|Any CPU.ActiveCfg = Debug|Any CPU
		{D06331D0-4B2E-4F10-9EF3-E84F68256828}.Debug|Any CPU.Build.0 = Debug|Any CPU
		{D06331D0-4B2E-4F10-9EF3-E84F68256828}.Release|Any CPU.ActiveCfg = Release|Any CPU
		{D06331D0-4B2E-4F10-9EF3-E84F68256828}.Release|Any CPU.Build.0 = Release|Any CPU
		{9A17C844-99C9-4459-BCD4-BC97EDBA475F}.Debug|Any CPU.ActiveCfg = Debug|Any CPU
		{9A17C844-99C9-4459-BCD4-BC97EDBA475F}.Debug|Any CPU.Build.0 = Debug|Any CPU
		{9A17C844-99C9-4459-BCD4-BC97EDBA475F}.Release|Any CPU.ActiveCfg = Release|Any CPU
		{9A17C844-99C9-4459-BCD4-BC97EDBA475F}.Release|Any CPU.Build.0 = Release|Any CPU
		{4C8AB985-81F7-4316-97E3-431374D6E648}.Debug|Any CPU.ActiveCfg = Debug|Any CPU
		{4C8AB985-81F7-4316-97E3-431374D6E648}.Debug|Any CPU.Build.0 = Debug|Any CPU
		{4C8AB985-81F7-4316-97E3-431374D6E648}.Release|Any CPU.ActiveCfg = Release|Any CPU
		{4C8AB985-81F7-4316-97E3-431374D6E648}.Release|Any CPU.Build.0 = Release|Any CPU
		{420099BB-0B8A-4469-A4E5-D2385C150DF3}.Debug|Any CPU.ActiveCfg = Debug|Any CPU
		{420099BB-0B8A-4469-A4E5-D2385C150DF3}.Debug|Any CPU.Build.0 = Debug|Any CPU
		{420099BB-0B8A-4469-A4E5-D2385C150DF3}.Release|Any CPU.ActiveCfg = Release|Any CPU
		{420099BB-0B8A-4469-A4E5-D2385C150DF3}.Release|Any CPU.Build.0 = Release|Any CPU
		{544ACEA1-2AEB-44D5-8666-8598C1A4DCB2}.Debug|Any CPU.ActiveCfg = Debug|Any CPU
		{544ACEA1-2AEB-44D5-8666-8598C1A4DCB2}.Debug|Any CPU.Build.0 = Debug|Any CPU
		{544ACEA1-2AEB-44D5-8666-8598C1A4DCB2}.Release|Any CPU.ActiveCfg = Release|Any CPU
		{544ACEA1-2AEB-44D5-8666-8598C1A4DCB2}.Release|Any CPU.Build.0 = Release|Any CPU
		{14F3DD21-877E-44FD-80A9-52F47E24195B}.Debug|Any CPU.ActiveCfg = Debug|Any CPU
		{14F3DD21-877E-44FD-80A9-52F47E24195B}.Debug|Any CPU.Build.0 = Debug|Any CPU
		{14F3DD21-877E-44FD-80A9-52F47E24195B}.Release|Any CPU.ActiveCfg = Release|Any CPU
		{14F3DD21-877E-44FD-80A9-52F47E24195B}.Release|Any CPU.Build.0 = Release|Any CPU
		{519749B2-792E-40B7-A107-1E0EFB405E89}.Debug|Any CPU.ActiveCfg = Debug|Any CPU
		{519749B2-792E-40B7-A107-1E0EFB405E89}.Debug|Any CPU.Build.0 = Debug|Any CPU
		{519749B2-792E-40B7-A107-1E0EFB405E89}.Release|Any CPU.ActiveCfg = Release|Any CPU
		{519749B2-792E-40B7-A107-1E0EFB405E89}.Release|Any CPU.Build.0 = Release|Any CPU
		{F0EC12B8-9655-4C94-A525-395C35FEB5B0}.Debug|Any CPU.ActiveCfg = Debug|Any CPU
		{F0EC12B8-9655-4C94-A525-395C35FEB5B0}.Debug|Any CPU.Build.0 = Debug|Any CPU
		{F0EC12B8-9655-4C94-A525-395C35FEB5B0}.Release|Any CPU.ActiveCfg = Release|Any CPU
		{F0EC12B8-9655-4C94-A525-395C35FEB5B0}.Release|Any CPU.Build.0 = Release|Any CPU
		{9E38C34C-BD7D-4F3A-9F5F-935DE1006E79}.Debug|Any CPU.ActiveCfg = Debug|Any CPU
		{9E38C34C-BD7D-4F3A-9F5F-935DE1006E79}.Debug|Any CPU.Build.0 = Debug|Any CPU
		{9E38C34C-BD7D-4F3A-9F5F-935DE1006E79}.Release|Any CPU.ActiveCfg = Release|Any CPU
		{9E38C34C-BD7D-4F3A-9F5F-935DE1006E79}.Release|Any CPU.Build.0 = Release|Any CPU
		{82D3FF0F-74CE-4E08-B5F4-2DC4326FA1C7}.Debug|Any CPU.ActiveCfg = Debug|Any CPU
		{82D3FF0F-74CE-4E08-B5F4-2DC4326FA1C7}.Debug|Any CPU.Build.0 = Debug|Any CPU
		{82D3FF0F-74CE-4E08-B5F4-2DC4326FA1C7}.Release|Any CPU.ActiveCfg = Release|Any CPU
		{82D3FF0F-74CE-4E08-B5F4-2DC4326FA1C7}.Release|Any CPU.Build.0 = Release|Any CPU
		{DCD741AB-E57F-447E-BD0C-A97C612929EE}.Debug|Any CPU.ActiveCfg = Debug|Any CPU
		{DCD741AB-E57F-447E-BD0C-A97C612929EE}.Debug|Any CPU.Build.0 = Debug|Any CPU
		{DCD741AB-E57F-447E-BD0C-A97C612929EE}.Release|Any CPU.ActiveCfg = Release|Any CPU
		{DCD741AB-E57F-447E-BD0C-A97C612929EE}.Release|Any CPU.Build.0 = Release|Any CPU
		{3FC3065B-B460-4211-8C3A-A01AC837FA25}.Debug|Any CPU.ActiveCfg = Debug|Any CPU
		{3FC3065B-B460-4211-8C3A-A01AC837FA25}.Debug|Any CPU.Build.0 = Debug|Any CPU
		{3FC3065B-B460-4211-8C3A-A01AC837FA25}.Release|Any CPU.ActiveCfg = Release|Any CPU
		{3FC3065B-B460-4211-8C3A-A01AC837FA25}.Release|Any CPU.Build.0 = Release|Any CPU
		{277AED91-C9CD-47E4-8E61-8592981A4903}.Debug|Any CPU.ActiveCfg = Debug|Any CPU
		{277AED91-C9CD-47E4-8E61-8592981A4903}.Debug|Any CPU.Build.0 = Debug|Any CPU
		{277AED91-C9CD-47E4-8E61-8592981A4903}.Release|Any CPU.ActiveCfg = Release|Any CPU
		{277AED91-C9CD-47E4-8E61-8592981A4903}.Release|Any CPU.Build.0 = Release|Any CPU
		{EA2EB3D8-5B5F-4256-A6F9-8191E95080CF}.Debug|Any CPU.ActiveCfg = Debug|Any CPU
		{EA2EB3D8-5B5F-4256-A6F9-8191E95080CF}.Debug|Any CPU.Build.0 = Debug|Any CPU
		{EA2EB3D8-5B5F-4256-A6F9-8191E95080CF}.Release|Any CPU.ActiveCfg = Release|Any CPU
		{EA2EB3D8-5B5F-4256-A6F9-8191E95080CF}.Release|Any CPU.Build.0 = Release|Any CPU
		{560C89CE-A937-4F87-AE40-24F2BBB0420E}.Debug|Any CPU.ActiveCfg = Debug|Any CPU
		{560C89CE-A937-4F87-AE40-24F2BBB0420E}.Debug|Any CPU.Build.0 = Debug|Any CPU
		{560C89CE-A937-4F87-AE40-24F2BBB0420E}.Release|Any CPU.ActiveCfg = Release|Any CPU
		{560C89CE-A937-4F87-AE40-24F2BBB0420E}.Release|Any CPU.Build.0 = Release|Any CPU
		{49F97A55-BC1B-4555-9246-6F411C0235E0}.Debug|Any CPU.ActiveCfg = Debug|Any CPU
		{49F97A55-BC1B-4555-9246-6F411C0235E0}.Debug|Any CPU.Build.0 = Debug|Any CPU
		{49F97A55-BC1B-4555-9246-6F411C0235E0}.Release|Any CPU.ActiveCfg = Release|Any CPU
		{49F97A55-BC1B-4555-9246-6F411C0235E0}.Release|Any CPU.Build.0 = Release|Any CPU
		{0050A7F7-D173-4F4F-9574-8EEBD2383BBA}.Debug|Any CPU.ActiveCfg = Debug|Any CPU
		{0050A7F7-D173-4F4F-9574-8EEBD2383BBA}.Debug|Any CPU.Build.0 = Debug|Any CPU
		{0050A7F7-D173-4F4F-9574-8EEBD2383BBA}.Release|Any CPU.ActiveCfg = Release|Any CPU
		{0050A7F7-D173-4F4F-9574-8EEBD2383BBA}.Release|Any CPU.Build.0 = Release|Any CPU
		{90E3E99D-DA0D-4E16-90B6-2986A9A79FF5}.Debug|Any CPU.ActiveCfg = Debug|Any CPU
		{90E3E99D-DA0D-4E16-90B6-2986A9A79FF5}.Debug|Any CPU.Build.0 = Debug|Any CPU
		{90E3E99D-DA0D-4E16-90B6-2986A9A79FF5}.Release|Any CPU.ActiveCfg = Release|Any CPU
		{90E3E99D-DA0D-4E16-90B6-2986A9A79FF5}.Release|Any CPU.Build.0 = Release|Any CPU
		{604F843A-FB97-4394-BCD3-CB75E091C431}.Debug|Any CPU.ActiveCfg = Debug|Any CPU
		{604F843A-FB97-4394-BCD3-CB75E091C431}.Debug|Any CPU.Build.0 = Debug|Any CPU
		{604F843A-FB97-4394-BCD3-CB75E091C431}.Release|Any CPU.ActiveCfg = Release|Any CPU
		{604F843A-FB97-4394-BCD3-CB75E091C431}.Release|Any CPU.Build.0 = Release|Any CPU
		{7C508560-B5F1-4D8E-B5A8-C4D18B232D2A}.Debug|Any CPU.ActiveCfg = Debug|Any CPU
		{7C508560-B5F1-4D8E-B5A8-C4D18B232D2A}.Debug|Any CPU.Build.0 = Debug|Any CPU
		{7C508560-B5F1-4D8E-B5A8-C4D18B232D2A}.Release|Any CPU.ActiveCfg = Release|Any CPU
		{7C508560-B5F1-4D8E-B5A8-C4D18B232D2A}.Release|Any CPU.Build.0 = Release|Any CPU
		{A639B66C-C223-4C80-8019-CAF4C6547D03}.Debug|Any CPU.ActiveCfg = Debug|Any CPU
		{A639B66C-C223-4C80-8019-CAF4C6547D03}.Debug|Any CPU.Build.0 = Debug|Any CPU
		{A639B66C-C223-4C80-8019-CAF4C6547D03}.Release|Any CPU.ActiveCfg = Release|Any CPU
		{A639B66C-C223-4C80-8019-CAF4C6547D03}.Release|Any CPU.Build.0 = Release|Any CPU
	EndGlobalSection
	GlobalSection(SolutionProperties) = preSolution
		HideSolutionNode = FALSE
	EndGlobalSection
	GlobalSection(NestedProjects) = preSolution
		{CF5AE91E-74E6-46B0-AE52-07A6E171F4DD} = {36D591C7-65C7-A0D1-1CBC-10CDE441BDC8}
		{1CB9925C-3ABE-4A1A-BA81-8C2384923533} = {36D591C7-65C7-A0D1-1CBC-10CDE441BDC8}
		{70DFFFED-BAE1-40D1-9671-B3CB6E04686C} = {36D591C7-65C7-A0D1-1CBC-10CDE441BDC8}
		{D06331D0-4B2E-4F10-9EF3-E84F68256828} = {CE3C1FAA-AE8A-4803-A262-A53971EA6CD5}
		{9A17C844-99C9-4459-BCD4-BC97EDBA475F} = {CE3C1FAA-AE8A-4803-A262-A53971EA6CD5}
		{4C8AB985-81F7-4316-97E3-431374D6E648} = {CE3C1FAA-AE8A-4803-A262-A53971EA6CD5}
		{420099BB-0B8A-4469-A4E5-D2385C150DF3} = {487B5F12-E1D9-44C5-B60F-E1F0EA1C3367}
		{544ACEA1-2AEB-44D5-8666-8598C1A4DCB2} = {487B5F12-E1D9-44C5-B60F-E1F0EA1C3367}
		{14F3DD21-877E-44FD-80A9-52F47E24195B} = {487B5F12-E1D9-44C5-B60F-E1F0EA1C3367}
		{519749B2-792E-40B7-A107-1E0EFB405E89} = {F98892B6-D21C-4DAC-9364-D8B1A5815C5D}
		{F0EC12B8-9655-4C94-A525-395C35FEB5B0} = {F98892B6-D21C-4DAC-9364-D8B1A5815C5D}
		{9E38C34C-BD7D-4F3A-9F5F-935DE1006E79} = {F98892B6-D21C-4DAC-9364-D8B1A5815C5D}
		{82D3FF0F-74CE-4E08-B5F4-2DC4326FA1C7} = {E968C68A-441B-4314-86F3-767616BC7E8B}
		{DCD741AB-E57F-447E-BD0C-A97C612929EE} = {E968C68A-441B-4314-86F3-767616BC7E8B}
		{3FC3065B-B460-4211-8C3A-A01AC837FA25} = {E968C68A-441B-4314-86F3-767616BC7E8B}
		{277AED91-C9CD-47E4-8E61-8592981A4903} = {F2D26918-3FEF-4071-934A-92525732AC2F}
		{EA2EB3D8-5B5F-4256-A6F9-8191E95080CF} = {F2D26918-3FEF-4071-934A-92525732AC2F}
		{560C89CE-A937-4F87-AE40-24F2BBB0420E} = {F2D26918-3FEF-4071-934A-92525732AC2F}
		{49F97A55-BC1B-4555-9246-6F411C0235E0} = {DEF169F5-9F85-4FC4-B54D-85340D3090AE}
		{0050A7F7-D173-4F4F-9574-8EEBD2383BBA} = {DEF169F5-9F85-4FC4-B54D-85340D3090AE}
		{90E3E99D-DA0D-4E16-90B6-2986A9A79FF5} = {DEF169F5-9F85-4FC4-B54D-85340D3090AE}
		{604F843A-FB97-4394-BCD3-CB75E091C431} = {496C2F2F-D2BB-4BEC-A167-056D01A5353B}
		{7C508560-B5F1-4D8E-B5A8-C4D18B232D2A} = {496C2F2F-D2BB-4BEC-A167-056D01A5353B}
		{A639B66C-C223-4C80-8019-CAF4C6547D03} = {496C2F2F-D2BB-4BEC-A167-056D01A5353B}
	EndGlobalSection
	GlobalSection(ExtensibilityGlobals) = postSolution
		SolutionGuid = {AE500329-C4E0-4195-AEB1-ED413257E56B}
	EndGlobalSection
EndGlobal
