
Microsoft Visual Studio Solution File, Format Version 12.00
# Visual Studio Version 17
VisualStudioVersion = 17.14.36414.22
MinimumVisualStudioVersion = 10.0.40219.1
Project("{2150E333-8FDC-42A3-9474-1A3956D46DE8}") = "Task0", "Task0", "{36D591C7-65C7-A0D1-1CBC-10CDE441BDC8}"
EndProject
Project("{FAE04EC0-301F-11D3-BF4B-00C04F79EFBC}") = "Tyuiu.LazutinVS.Sprint1.Task0.V9.Test", "Tyuiu.LazutinVS.Sprint1.Task0.V9.Test\Tyuiu.LazutinVS.Sprint1.Task0.V9.Test.csproj", "{CF5AE91E-74E6-46B0-AE52-07A6E171F4DD}"
EndProject
Project("{FAE04EC0-301F-11D3-BF4B-00C04F79EFBC}") = "Tyuiu.LazutinVS.Sprint1.Task0.V9", "Tyuiu.LazutinVS.Sprint1.Task0.V9\Tyuiu.LazutinVS.Sprint1.Task0.V9.csproj", "{1CB9925C-3ABE-4A1A-BA81-8C2384923533}"
EndProject
Project("{FAE04EC0-301F-11D3-BF4B-00C04F79EFBC}") = "Tyuiu.LazutinVS.Sprint1.Task0.V9.Lib", "Tyuiu.LazutinVS.Sprint1.Task0.V9.Lib\Tyuiu.LazutinVS.Sprint1.Task0.V9.Lib.csproj", "{70DFFFED-BAE1-40D1-9671-B3CB6E04686C}"
EndProject
Project("{2150E333-8FDC-42A3-9474-1A3956D46DE8}") = "Task1", "Task1", "{CE3C1FAA-AE8A-4803-A262-A53971EA6CD5}"
EndProject
Project("{FAE04EC0-301F-11D3-BF4B-00C04F79EFBC}") = "Tyuiu.LazutinVS.Sprint1.Task1.V17", "Tyuiu.LazutinVS.Sprint1.Task1.V17\Tyuiu.LazutinVS.Sprint1.Task1.V17.csproj", "{D06331D0-4B2E-4F10-9EF3-E84F68256828}"
EndProject
Project("{FAE04EC0-301F-11D3-BF4B-00C04F79EFBC}") = "Tyuiu.LazutinVS.Sprint1.Task1.V17.Test", "Tyuiu.LazutinVS.Sprint1.Task1.V17.Test\Tyuiu.LazutinVS.Sprint1.Task1.V17.Test.csproj", "{9A17C844-99C9-4459-BCD4-BC97EDBA475F}"
EndProject
Project("{FAE04EC0-301F-11D3-BF4B-00C04F79EFBC}") = "Tyuiu.LazutinVS.Sprint1.Task1.V17.Lib", "Tyuiu.LazutinVS.Sprint1.Task1.V17.Lib\Tyuiu.LazutinVS.Sprint1.Task1.V17.Lib.csproj", "{4C8AB985-81F7-4316-97E3-431374D6E648}"
EndProject
Global
	GlobalSection(SolutionConfigurationPlatforms) = preSolution
		Debug|Any CPU = Debug|Any CPU
		Release|Any CPU = Release|Any CPU
	EndGlobalSection
	GlobalSection(ProjectConfigurationPlatforms) = postSolution
		{CF5AE91E-74E6-46B0-AE52-07A6E171F4DD}.Debug|Any CPU.ActiveCfg = Debug|Any CPU
		{CF5AE91E-74E6-46B0-AE52-07A6E171F4DD}.Debug|Any CPU.Build.0 = Debug|Any CPU
		{CF5AE91E-74E6-46B0-AE52-07A6E171F4DD}.Release|Any CPU.ActiveCfg = Release|Any CPU
		{CF5AE91E-74E6-46B0-AE52-07A6E171F4DD}.Release|Any CPU.Build.0 = Release|Any CPU
		{1CB9925C-3ABE-4A1A-BA81-8C2384923533}.Debug|Any CPU.ActiveCfg = Debug|Any CPU
		{1CB9925C-3ABE-4A1A-BA81-8C2384923533}.Debug|Any CPU.Build.0 = Debug|Any CPU
		{1CB9925C-3ABE-4A1A-BA81-8C2384923533}.Release|Any CPU.ActiveCfg = Release|Any CPU
		{1CB9925C-3ABE-4A1A-BA81-8C2384923533}.Release|Any CPU.Build.0 = Release|Any CPU
		{70DFFFED-BAE1-40D1-9671-B3CB6E04686C}.Debug|Any CPU.ActiveCfg = Debug|Any CPU
		{70DFFFED-BAE1-40D1-9671-B3CB6E04686C}.Debug|Any CPU.Build.0 = Debug|Any CPU
		{70DFFFED-BAE1-40D1-9671-B3CB6E04686C}.Release|Any CPU.ActiveCfg = Release|Any CPU
		{70DFFFED-BAE1-40D1-9671-B3CB6E04686C}.Release|Any CPU.Build.0 = Release|Any CPU
		{D06331D0-4B2E-4F10-9EF3-E84F68256828}.Debug|Any CPU.ActiveCfg = Debug|Any CPU
		{D06331D0-4B2E-4F10-9EF3-E84F68256828}.Debug|Any CPU.Build.0 = Debug|Any CPU
		{D06331D0-4B2E-4F10-9EF3-E84F68256828}.Release|Any CPU.ActiveCfg = Release|Any CPU
		{D06331D0-4B2E-4F10-9EF3-E84F68256828}.Release|Any CPU.Build.0 = Release|Any CPU
		{9A17C844-99C9-4459-BCD4-BC97EDBA475F}.Debug|Any CPU.ActiveCfg = Debug|Any CPU
		{9A17C844-99C9-4459-BCD4-BC97EDBA475F}.Debug|Any CPU.Build.0 = Debug|Any CPU
		{9A17C844-99C9-4459-BCD4-BC97EDBA475F}.Release|Any CPU.ActiveCfg = Release|Any CPU
		{9A17C844-99C9-4459-BCD4-BC97EDBA475F}.Release|Any CPU.Build.0 = Release|Any CPU
		{4C8AB985-81F7-4316-97E3-431374D6E648}.Debug|Any CPU.ActiveCfg = Debug|Any CPU
		{4C8AB985-81F7-4316-97E3-431374D6E648}.Debug|Any CPU.Build.0 = Debug|Any CPU
		{4C8AB985-81F7-4316-97E3-431374D6E648}.Release|Any CPU.ActiveCfg = Release|Any CPU
		{4C8AB985-81F7-4316-97E3-431374D6E648}.Release|Any CPU.Build.0 = Release|Any CPU
	EndGlobalSection
	GlobalSection(SolutionProperties) = preSolution
		HideSolutionNode = FALSE
	EndGlobalSection
	GlobalSection(NestedProjects) = preSolution
		{CF5AE91E-74E6-46B0-AE52-07A6E171F4DD} = {36D591C7-65C7-A0D1-1CBC-10CDE441BDC8}
		{1CB9925C-3ABE-4A1A-BA81-8C2384923533} = {36D591C7-65C7-A0D1-1CBC-10CDE441BDC8}
		{70DFFFED-BAE1-40D1-9671-B3CB6E04686C} = {36D591C7-65C7-A0D1-1CBC-10CDE441BDC8}
		{D06331D0-4B2E-4F10-9EF3-E84F68256828} = {CE3C1FAA-AE8A-4803-A262-A53971EA6CD5}
		{9A17C844-99C9-4459-BCD4-BC97EDBA475F} = {CE3C1FAA-AE8A-4803-A262-A53971EA6CD5}
		{4C8AB985-81F7-4316-97E3-431374D6E648} = {CE3C1FAA-AE8A-4803-A262-A53971EA6CD5}
	EndGlobalSection
	GlobalSection(ExtensibilityGlobals) = postSolution
		SolutionGuid = {AE500329-C4E0-4195-AEB1-ED413257E56B}
	EndGlobalSection
EndGlobal
