
Microsoft Visual Studio Solution File, Format Version 12.00
# Visual Studio Version 17
VisualStudioVersion = 17.14.36414.22
MinimumVisualStudioVersion = 10.0.40219.1
Project("{2150E333-8FDC-42A3-9474-1A3956D46DE8}") = "Task0", "Task0", "{36D591C7-65C7-A0D1-1CBC-10CDE441BDC8}"
EndProject
Project("{FAE04EC0-301F-11D3-BF4B-00C04F79EFBC}") = "Tyuiu.LazutinVS.Sprint1.Task0.V9.Test", "Tyuiu.LazutinVS.Sprint1.Task0.V9.Test\Tyuiu.LazutinVS.Sprint1.Task0.V9.Test.csproj", "{CF5AE91E-74E6-46B0-AE52-07A6E171F4DD}"
EndProject
Project("{FAE04EC0-301F-11D3-BF4B-00C04F79EFBC}") = "Tyuiu.LazutinVS.Sprint1.Task0.V9", "Tyuiu.LazutinVS.Sprint1.Task0.V9\Tyuiu.LazutinVS.Sprint1.Task0.V9.csproj", "{1CB9925C-3ABE-4A1A-BA81-8C2384923533}"
EndProject
Project("{FAE04EC0-301F-11D3-BF4B-00C04F79EFBC}") = "Tyuiu.LazutinVS.Sprint1.Task0.V9.Lib", "Tyuiu.LazutinVS.Sprint1.Task0.V9.Lib\Tyuiu.LazutinVS.Sprint1.Task0.V9.Lib.csproj", "{70DFFFED-BAE1-40D1-9671-B3CB6E04686C}"
EndProject
Global
	GlobalSection(SolutionConfigurationPlatforms) = preSolution
		Debug|Any CPU = Debug|Any CPU
		Release|Any CPU = Release|Any CPU
	EndGlobalSection
	GlobalSection(ProjectConfigurationPlatforms) = postSolution
		{CF5AE91E-74E6-46B0-AE52-07A6E171F4DD}.Debug|Any CPU.ActiveCfg = Debug|Any CPU
		{CF5AE91E-74E6-46B0-AE52-07A6E171F4DD}.Debug|Any CPU.Build.0 = Debug|Any CPU
		{CF5AE91E-74E6-46B0-AE52-07A6E171F4DD}.Release|Any CPU.ActiveCfg = Release|Any CPU
		{CF5AE91E-74E6-46B0-AE52-07A6E171F4DD}.Release|Any CPU.Build.0 = Release|Any CPU
		{1CB9925C-3ABE-4A1A-BA81-8C2384923533}.Debug|Any CPU.ActiveCfg = Debug|Any CPU
		{1CB9925C-3ABE-4A1A-BA81-8C2384923533}.Debug|Any CPU.Build.0 = Debug|Any CPU
		{1CB9925C-3ABE-4A1A-BA81-8C2384923533}.Release|Any CPU.ActiveCfg = Release|Any CPU
		{1CB9925C-3ABE-4A1A-BA81-8C2384923533}.Release|Any CPU.Build.0 = Release|Any CPU
		{70DFFFED-BAE1-40D1-9671-B3CB6E04686C}.Debug|Any CPU.ActiveCfg = Debug|Any CPU
		{70DFFFED-BAE1-40D1-9671-B3CB6E04686C}.Debug|Any CPU.Build.0 = Debug|Any CPU
		{70DFFFED-BAE1-40D1-9671-B3CB6E04686C}.Release|Any CPU.ActiveCfg = Release|Any CPU
		{70DFFFED-BAE1-40D1-9671-B3CB6E04686C}.Release|Any CPU.Build.0 = Release|Any CPU
	EndGlobalSection
	GlobalSection(SolutionProperties) = preSolution
		HideSolutionNode = FALSE
	EndGlobalSection
	GlobalSection(NestedProjects) = preSolution
		{CF5AE91E-74E6-46B0-AE52-07A6E171F4DD} = {36D591C7-65C7-A0D1-1CBC-10CDE441BDC8}
		{1CB9925C-3ABE-4A1A-BA81-8C2384923533} = {36D591C7-65C7-A0D1-1CBC-10CDE441BDC8}
		{70DFFFED-BAE1-40D1-9671-B3CB6E04686C} = {36D591C7-65C7-A0D1-1CBC-10CDE441BDC8}
	EndGlobalSection
	GlobalSection(ExtensibilityGlobals) = postSolution
		SolutionGuid = {AE500329-C4E0-4195-AEB1-ED413257E56B}
	EndGlobalSection
EndGlobal
